// !$*UTF8*$!
{
	archiveVersion = 1;
	classes = {
	};
	objectVersion = 51;
	objects = {

/* Begin PBXBuildFile section */
		717E67B76F29A7CD3A37048E /* Pods_EventSampleProject.framework in Frameworks */ = {isa = PBXBuildFile; fileRef = 31BE58FDFC203AF718A9C65D /* Pods_EventSampleProject.framework */; };
		8C1D649E26ED486F00461224 /* AppDelegate.swift in Sources */ = {isa = PBXBuildFile; fileRef = 8C1D649D26ED486F00461224 /* AppDelegate.swift */; };
		8C1D64A026ED486F00461224 /* SceneDelegate.swift in Sources */ = {isa = PBXBuildFile; fileRef = 8C1D649F26ED486F00461224 /* SceneDelegate.swift */; };
		8C1D64A226ED486F00461224 /* ViewController.swift in Sources */ = {isa = PBXBuildFile; fileRef = 8C1D64A126ED486F00461224 /* ViewController.swift */; };
		8C1D64A526ED486F00461224 /* Main.storyboard in Resources */ = {isa = PBXBuildFile; fileRef = 8C1D64A326ED486F00461224 /* Main.storyboard */; };
		8C1D64A726ED487100461224 /* Assets.xcassets in Resources */ = {isa = PBXBuildFile; fileRef = 8C1D64A626ED487100461224 /* Assets.xcassets */; };
		8C1D64AA26ED487100461224 /* LaunchScreen.storyboard in Resources */ = {isa = PBXBuildFile; fileRef = 8C1D64A826ED487100461224 /* LaunchScreen.storyboard */; };
		8C1D64B926ED530A00461224 /* Observable.swift in Sources */ = {isa = PBXBuildFile; fileRef = 8C1D64B326ED530A00461224 /* Observable.swift */; };
		8C1D64BA26ED530A00461224 /* RowViewModel.swift in Sources */ = {isa = PBXBuildFile; fileRef = 8C1D64B426ED530A00461224 /* RowViewModel.swift */; };
		8C1D64BB26ED530A00461224 /* SectionConfigurable.swift in Sources */ = {isa = PBXBuildFile; fileRef = 8C1D64B526ED530A00461224 /* SectionConfigurable.swift */; };
		8C1D64BC26ED530A00461224 /* SectionModel.swift in Sources */ = {isa = PBXBuildFile; fileRef = 8C1D64B626ED530A00461224 /* SectionModel.swift */; };
		8C1D64BD26ED530A00461224 /* SectionViewModel.swift in Sources */ = {isa = PBXBuildFile; fileRef = 8C1D64B726ED530A00461224 /* SectionViewModel.swift */; };
		8C1D64BE26ED530A00461224 /* CellConfigurable.swift in Sources */ = {isa = PBXBuildFile; fileRef = 8C1D64B826ED530A00461224 /* CellConfigurable.swift */; };
		8C1D64CF26ED641600461224 /* APIManager.swift in Sources */ = {isa = PBXBuildFile; fileRef = 8C1D64CA26ED641600461224 /* APIManager.swift */; };
		8C1D650A26EDDBCE00461224 /* HomeViewController.swift in Sources */ = {isa = PBXBuildFile; fileRef = 8C1D650926EDDBCE00461224 /* HomeViewController.swift */; };
		8C1D650E26EDDBD800461224 /* HomeController.swift in Sources */ = {isa = PBXBuildFile; fileRef = 8C1D650D26EDDBD800461224 /* HomeController.swift */; };
		8C1D651126EDDBE300461224 /* HomeViewModel.swift in Sources */ = {isa = PBXBuildFile; fileRef = 8C1D651026EDDBE300461224 /* HomeViewModel.swift */; };
		8C1D651526EDDC3D00461224 /* BaseViewController.swift in Sources */ = {isa = PBXBuildFile; fileRef = 8C1D651426EDDC3D00461224 /* BaseViewController.swift */; };
		8C1D651A26EDE1D400461224 /* LoadingIndicator.swift in Sources */ = {isa = PBXBuildFile; fileRef = 8C1D651926EDE1D400461224 /* LoadingIndicator.swift */; };
		8C1D652A26EFD72700461224 /* CategoriesViewCell.swift in Sources */ = {isa = PBXBuildFile; fileRef = 8C1D652926EFD72600461224 /* CategoriesViewCell.swift */; };
		8C1D652D26EFD73500461224 /* CategoriesViewModel.swift in Sources */ = {isa = PBXBuildFile; fileRef = 8C1D652C26EFD73500461224 /* CategoriesViewModel.swift */; };
		8C1D653126EFD75100461224 /* CategoriesViewCell.xib in Resources */ = {isa = PBXBuildFile; fileRef = 8C1D653026EFD75100461224 /* CategoriesViewCell.xib */; };
		8C1D653626EFE10900461224 /* CategoryItemViewCell.swift in Sources */ = {isa = PBXBuildFile; fileRef = 8C1D653526EFE10900461224 /* CategoryItemViewCell.swift */; };
		8C1D653926EFE11900461224 /* CategoryItemViewModel.swift in Sources */ = {isa = PBXBuildFile; fileRef = 8C1D653826EFE11900461224 /* CategoryItemViewModel.swift */; };
		8C1D653D26EFE13100461224 /* CategoryItemViewCell.xib in Resources */ = {isa = PBXBuildFile; fileRef = 8C1D653C26EFE13100461224 /* CategoryItemViewCell.xib */; };
		8C1D654126EFEF9E00461224 /* Extensions.swift in Sources */ = {isa = PBXBuildFile; fileRef = 8C1D654026EFEF9E00461224 /* Extensions.swift */; };
		8C1D654526EFFB7C00461224 /* EventType.swift in Sources */ = {isa = PBXBuildFile; fileRef = 8C1D654426EFFB7C00461224 /* EventType.swift */; };
		8C1D654B26F01ACC00461224 /* Event.swift in Sources */ = {isa = PBXBuildFile; fileRef = 8C1D654A26F01ACC00461224 /* Event.swift */; };
		8C1D654E26F01AFD00461224 /* EventsTableViewCell.swift in Sources */ = {isa = PBXBuildFile; fileRef = 8C1D654D26F01AFD00461224 /* EventsTableViewCell.swift */; };
		8C1D655126F01B0B00461224 /* EventsTableViewModel.swift in Sources */ = {isa = PBXBuildFile; fileRef = 8C1D655026F01B0B00461224 /* EventsTableViewModel.swift */; };
/* End PBXBuildFile section */

/* Begin PBXFileReference section */
		31BE58FDFC203AF718A9C65D /* Pods_EventSampleProject.framework */ = {isa = PBXFileReference; explicitFileType = wrapper.framework; includeInIndex = 0; path = Pods_EventSampleProject.framework; sourceTree = BUILT_PRODUCTS_DIR; };
		7B1BA3CD1DDF1BAA2816D5F9 /* Pods-EventSampleProject.release.xcconfig */ = {isa = PBXFileReference; includeInIndex = 1; lastKnownFileType = text.xcconfig; name = "Pods-EventSampleProject.release.xcconfig"; path = "Target Support Files/Pods-EventSampleProject/Pods-EventSampleProject.release.xcconfig"; sourceTree = "<group>"; };
		8C1D649A26ED486F00461224 /* EventSampleProject.app */ = {isa = PBXFileReference; explicitFileType = wrapper.application; includeInIndex = 0; path = EventSampleProject.app; sourceTree = BUILT_PRODUCTS_DIR; };
		8C1D649D26ED486F00461224 /* AppDelegate.swift */ = {isa = PBXFileReference; lastKnownFileType = sourcecode.swift; path = AppDelegate.swift; sourceTree = "<group>"; };
		8C1D649F26ED486F00461224 /* SceneDelegate.swift */ = {isa = PBXFileReference; lastKnownFileType = sourcecode.swift; path = SceneDelegate.swift; sourceTree = "<group>"; };
		8C1D64A126ED486F00461224 /* ViewController.swift */ = {isa = PBXFileReference; lastKnownFileType = sourcecode.swift; path = ViewController.swift; sourceTree = "<group>"; };
		8C1D64A426ED486F00461224 /* Base */ = {isa = PBXFileReference; lastKnownFileType = file.storyboard; name = Base; path = Base.lproj/Main.storyboard; sourceTree = "<group>"; };
		8C1D64A626ED487100461224 /* Assets.xcassets */ = {isa = PBXFileReference; lastKnownFileType = folder.assetcatalog; path = Assets.xcassets; sourceTree = "<group>"; };
		8C1D64A926ED487100461224 /* Base */ = {isa = PBXFileReference; lastKnownFileType = file.storyboard; name = Base; path = Base.lproj/LaunchScreen.storyboard; sourceTree = "<group>"; };
		8C1D64AB26ED487100461224 /* Info.plist */ = {isa = PBXFileReference; lastKnownFileType = text.plist.xml; path = Info.plist; sourceTree = "<group>"; };
		8C1D64B326ED530A00461224 /* Observable.swift */ = {isa = PBXFileReference; fileEncoding = 4; lastKnownFileType = sourcecode.swift; path = Observable.swift; sourceTree = "<group>"; };
		8C1D64B426ED530A00461224 /* RowViewModel.swift */ = {isa = PBXFileReference; fileEncoding = 4; lastKnownFileType = sourcecode.swift; path = RowViewModel.swift; sourceTree = "<group>"; };
		8C1D64B526ED530A00461224 /* SectionConfigurable.swift */ = {isa = PBXFileReference; fileEncoding = 4; lastKnownFileType = sourcecode.swift; path = SectionConfigurable.swift; sourceTree = "<group>"; };
		8C1D64B626ED530A00461224 /* SectionModel.swift */ = {isa = PBXFileReference; fileEncoding = 4; lastKnownFileType = sourcecode.swift; path = SectionModel.swift; sourceTree = "<group>"; };
		8C1D64B726ED530A00461224 /* SectionViewModel.swift */ = {isa = PBXFileReference; fileEncoding = 4; lastKnownFileType = sourcecode.swift; path = SectionViewModel.swift; sourceTree = "<group>"; };
		8C1D64B826ED530A00461224 /* CellConfigurable.swift */ = {isa = PBXFileReference; fileEncoding = 4; lastKnownFileType = sourcecode.swift; path = CellConfigurable.swift; sourceTree = "<group>"; };
		8C1D64CA26ED641600461224 /* APIManager.swift */ = {isa = PBXFileReference; fileEncoding = 4; lastKnownFileType = sourcecode.swift; path = APIManager.swift; sourceTree = "<group>"; };
		8C1D650926EDDBCE00461224 /* HomeViewController.swift */ = {isa = PBXFileReference; lastKnownFileType = sourcecode.swift; path = HomeViewController.swift; sourceTree = "<group>"; };
		8C1D650D26EDDBD800461224 /* HomeController.swift */ = {isa = PBXFileReference; lastKnownFileType = sourcecode.swift; path = HomeController.swift; sourceTree = "<group>"; };
		8C1D651026EDDBE300461224 /* HomeViewModel.swift */ = {isa = PBXFileReference; lastKnownFileType = sourcecode.swift; path = HomeViewModel.swift; sourceTree = "<group>"; };
		8C1D651426EDDC3D00461224 /* BaseViewController.swift */ = {isa = PBXFileReference; lastKnownFileType = sourcecode.swift; path = BaseViewController.swift; sourceTree = "<group>"; };
		8C1D651926EDE1D400461224 /* LoadingIndicator.swift */ = {isa = PBXFileReference; lastKnownFileType = sourcecode.swift; path = LoadingIndicator.swift; sourceTree = "<group>"; };
		8C1D652926EFD72600461224 /* CategoriesViewCell.swift */ = {isa = PBXFileReference; lastKnownFileType = sourcecode.swift; path = CategoriesViewCell.swift; sourceTree = "<group>"; };
		8C1D652C26EFD73500461224 /* CategoriesViewModel.swift */ = {isa = PBXFileReference; lastKnownFileType = sourcecode.swift; path = CategoriesViewModel.swift; sourceTree = "<group>"; };
		8C1D653026EFD75100461224 /* CategoriesViewCell.xib */ = {isa = PBXFileReference; lastKnownFileType = file.xib; path = CategoriesViewCell.xib; sourceTree = "<group>"; };
		8C1D653526EFE10900461224 /* CategoryItemViewCell.swift */ = {isa = PBXFileReference; lastKnownFileType = sourcecode.swift; path = CategoryItemViewCell.swift; sourceTree = "<group>"; };
		8C1D653826EFE11900461224 /* CategoryItemViewModel.swift */ = {isa = PBXFileReference; lastKnownFileType = sourcecode.swift; path = CategoryItemViewModel.swift; sourceTree = "<group>"; };
		8C1D653C26EFE13100461224 /* CategoryItemViewCell.xib */ = {isa = PBXFileReference; lastKnownFileType = file.xib; path = CategoryItemViewCell.xib; sourceTree = "<group>"; };
		8C1D654026EFEF9E00461224 /* Extensions.swift */ = {isa = PBXFileReference; lastKnownFileType = sourcecode.swift; path = Extensions.swift; sourceTree = "<group>"; };
		8C1D654426EFFB7C00461224 /* EventType.swift */ = {isa = PBXFileReference; lastKnownFileType = sourcecode.swift; path = EventType.swift; sourceTree = "<group>"; };
		8C1D654A26F01ACC00461224 /* Event.swift */ = {isa = PBXFileReference; lastKnownFileType = sourcecode.swift; path = Event.swift; sourceTree = "<group>"; };
		8C1D654D26F01AFD00461224 /* EventsTableViewCell.swift */ = {isa = PBXFileReference; lastKnownFileType = sourcecode.swift; path = EventsTableViewCell.swift; sourceTree = "<group>"; };
		8C1D655026F01B0B00461224 /* EventsTableViewModel.swift */ = {isa = PBXFileReference; lastKnownFileType = sourcecode.swift; path = EventsTableViewModel.swift; sourceTree = "<group>"; };
		C7C642D49D668F517BC6096B /* Pods-EventSampleProject.debug.xcconfig */ = {isa = PBXFileReference; includeInIndex = 1; lastKnownFileType = text.xcconfig; name = "Pods-EventSampleProject.debug.xcconfig"; path = "Target Support Files/Pods-EventSampleProject/Pods-EventSampleProject.debug.xcconfig"; sourceTree = "<group>"; };
/* End PBXFileReference section */

/* Begin PBXFrameworksBuildPhase section */
		8C1D649726ED486F00461224 /* Frameworks */ = {
			isa = PBXFrameworksBuildPhase;
			buildActionMask = 2147483647;
			files = (
				717E67B76F29A7CD3A37048E /* Pods_EventSampleProject.framework in Frameworks */,
			);
			runOnlyForDeploymentPostprocessing = 0;
		};
/* End PBXFrameworksBuildPhase section */

/* Begin PBXGroup section */
		46824DF6A706DDDB714E8ABB /* Pods */ = {
			isa = PBXGroup;
			children = (
				C7C642D49D668F517BC6096B /* Pods-EventSampleProject.debug.xcconfig */,
				7B1BA3CD1DDF1BAA2816D5F9 /* Pods-EventSampleProject.release.xcconfig */,
			);
			path = Pods;
			sourceTree = "<group>";
		};
		86C0B8CF7DFBF6AED56AC507 /* Frameworks */ = {
			isa = PBXGroup;
			children = (
				31BE58FDFC203AF718A9C65D /* Pods_EventSampleProject.framework */,
			);
			name = Frameworks;
			sourceTree = "<group>";
		};
		8C1D649126ED486F00461224 = {
			isa = PBXGroup;
			children = (
				8C1D649C26ED486F00461224 /* EventSampleProject */,
				8C1D649B26ED486F00461224 /* Products */,
				46824DF6A706DDDB714E8ABB /* Pods */,
				86C0B8CF7DFBF6AED56AC507 /* Frameworks */,
			);
			sourceTree = "<group>";
		};
		8C1D649B26ED486F00461224 /* Products */ = {
			isa = PBXGroup;
			children = (
				8C1D649A26ED486F00461224 /* EventSampleProject.app */,
			);
			name = Products;
			sourceTree = "<group>";
		};
		8C1D649C26ED486F00461224 /* EventSampleProject */ = {
			isa = PBXGroup;
			children = (
				8C1D650726EDDBA100461224 /* HomeModule */,
				8C1D64B226ED52EB00461224 /* HelperClasses */,
				8C1D649D26ED486F00461224 /* AppDelegate.swift */,
				8C1D649F26ED486F00461224 /* SceneDelegate.swift */,
				8C1D64A126ED486F00461224 /* ViewController.swift */,
				8C1D64A326ED486F00461224 /* Main.storyboard */,
				8C1D64A626ED487100461224 /* Assets.xcassets */,
				8C1D64A826ED487100461224 /* LaunchScreen.storyboard */,
				8C1D64AB26ED487100461224 /* Info.plist */,
			);
			path = EventSampleProject;
			sourceTree = "<group>";
		};
		8C1D64B226ED52EB00461224 /* HelperClasses */ = {
			isa = PBXGroup;
			children = (
				8C1D651826EDE1B500461224 /* Helpers */,
				8C1D651326EDDC2C00461224 /* Views */,
				8C1D64C626ED640100461224 /* Network */,
				8C1D64C526ED63E500461224 /* Structure */,
			);
			path = HelperClasses;
			sourceTree = "<group>";
		};
		8C1D64C526ED63E500461224 /* Structure */ = {
			isa = PBXGroup;
			children = (
				8C1D64B326ED530A00461224 /* Observable.swift */,
				8C1D64B426ED530A00461224 /* RowViewModel.swift */,
				8C1D64B826ED530A00461224 /* CellConfigurable.swift */,
				8C1D64B526ED530A00461224 /* SectionConfigurable.swift */,
				8C1D64B626ED530A00461224 /* SectionModel.swift */,
				8C1D64B726ED530A00461224 /* SectionViewModel.swift */,
			);
			path = Structure;
			sourceTree = "<group>";
		};
		8C1D64C626ED640100461224 /* Network */ = {
			isa = PBXGroup;
			children = (
				8C1D64C726ED641600461224 /* APIServices */,
			);
			path = Network;
			sourceTree = "<group>";
		};
		8C1D64C726ED641600461224 /* APIServices */ = {
			isa = PBXGroup;
			children = (
				8C1D64CA26ED641600461224 /* APIManager.swift */,
			);
			path = APIServices;
			sourceTree = "<group>";
		};
		8C1D650726EDDBA100461224 /* HomeModule */ = {
			isa = PBXGroup;
			children = (
				8C1D650826EDDBB100461224 /* HomeScreen */,
			);
			path = HomeModule;
			sourceTree = "<group>";
		};
		8C1D650826EDDBB100461224 /* HomeScreen */ = {
			isa = PBXGroup;
			children = (
				8C1D652626EFD69200461224 /* Cells */,
				8C1D650926EDDBCE00461224 /* HomeViewController.swift */,
				8C1D650D26EDDBD800461224 /* HomeController.swift */,
				8C1D651026EDDBE300461224 /* HomeViewModel.swift */,
			);
			path = HomeScreen;
			sourceTree = "<group>";
		};
		8C1D651326EDDC2C00461224 /* Views */ = {
			isa = PBXGroup;
			children = (
				8C1D651426EDDC3D00461224 /* BaseViewController.swift */,
			);
			path = Views;
			sourceTree = "<group>";
		};
		8C1D651826EDE1B500461224 /* Helpers */ = {
			isa = PBXGroup;
			children = (
				8C1D651926EDE1D400461224 /* LoadingIndicator.swift */,
				8C1D654026EFEF9E00461224 /* Extensions.swift */,
			);
			path = Helpers;
			sourceTree = "<group>";
		};
		8C1D652626EFD69200461224 /* Cells */ = {
			isa = PBXGroup;
			children = (
				8C1D652726EFD69C00461224 /* CategoriesCell */,
				8C1D652826EFD6C000461224 /* EventsTableCell */,
			);
			path = Cells;
			sourceTree = "<group>";
		};
		8C1D652726EFD69C00461224 /* CategoriesCell */ = {
			isa = PBXGroup;
			children = (
				8C1D653426EFE0DA00461224 /* Cells */,
				8C1D654326EFFB5D00461224 /* Models */,
				8C1D652F26EFD73900461224 /* Resources */,
				8C1D652926EFD72600461224 /* CategoriesViewCell.swift */,
				8C1D652C26EFD73500461224 /* CategoriesViewModel.swift */,
			);
			path = CategoriesCell;
			sourceTree = "<group>";
		};
		8C1D652826EFD6C000461224 /* EventsTableCell */ = {
			isa = PBXGroup;
			children = (
				8C1D655426F01B1A00461224 /* Cells */,
				8C1D655326F01B1000461224 /* Resources */,
				8C1D654926F01AB600461224 /* Models */,
				8C1D654D26F01AFD00461224 /* EventsTableViewCell.swift */,
				8C1D655026F01B0B00461224 /* EventsTableViewModel.swift */,
			);
			path = EventsTableCell;
			sourceTree = "<group>";
		};
		8C1D652F26EFD73900461224 /* Resources */ = {
			isa = PBXGroup;
			children = (
				8C1D653026EFD75100461224 /* CategoriesViewCell.xib */,
			);
			path = Resources;
			sourceTree = "<group>";
		};
		8C1D653326EFE0B900461224 /* CategoryItemCell */ = {
			isa = PBXGroup;
			children = (
				8C1D653B26EFE12200461224 /* Resources */,
				8C1D653526EFE10900461224 /* CategoryItemViewCell.swift */,
				8C1D653826EFE11900461224 /* CategoryItemViewModel.swift */,
			);
			path = CategoryItemCell;
			sourceTree = "<group>";
		};
		8C1D653426EFE0DA00461224 /* Cells */ = {
			isa = PBXGroup;
			children = (
				8C1D653326EFE0B900461224 /* CategoryItemCell */,
			);
			path = Cells;
			sourceTree = "<group>";
		};
		8C1D653B26EFE12200461224 /* Resources */ = {
			isa = PBXGroup;
			children = (
				8C1D653C26EFE13100461224 /* CategoryItemViewCell.xib */,
			);
			path = Resources;
			sourceTree = "<group>";
		};
		8C1D654326EFFB5D00461224 /* Models */ = {
			isa = PBXGroup;
			children = (
				8C1D654426EFFB7C00461224 /* EventType.swift */,
			);
			path = Models;
			sourceTree = "<group>";
		};
		8C1D654926F01AB600461224 /* Models */ = {
			isa = PBXGroup;
			children = (
				8C1D654A26F01ACC00461224 /* Event.swift */,
			);
			path = Models;
			sourceTree = "<group>";
		};
		8C1D655326F01B1000461224 /* Resources */ = {
			isa = PBXGroup;
			children = (
			);
			path = Resources;
			sourceTree = "<group>";
		};
		8C1D655426F01B1A00461224 /* Cells */ = {
			isa = PBXGroup;
			children = (
			);
			path = Cells;
			sourceTree = "<group>";
		};
/* End PBXGroup section */

/* Begin PBXNativeTarget section */
		8C1D649926ED486F00461224 /* EventSampleProject */ = {
			isa = PBXNativeTarget;
			buildConfigurationList = 8C1D64AE26ED487100461224 /* Build configuration list for PBXNativeTarget "EventSampleProject" */;
			buildPhases = (
				89AFE4531A44B2357D6BC2C3 /* [CP] Check Pods Manifest.lock */,
				8C1D649626ED486F00461224 /* Sources */,
				8C1D649726ED486F00461224 /* Frameworks */,
				8C1D649826ED486F00461224 /* Resources */,
				4717424147C37783C8DD4915 /* [CP] Embed Pods Frameworks */,
			);
			buildRules = (
			);
			dependencies = (
			);
			name = EventSampleProject;
			productName = EventSampleProject;
			productReference = 8C1D649A26ED486F00461224 /* EventSampleProject.app */;
			productType = "com.apple.product-type.application";
		};
/* End PBXNativeTarget section */

/* Begin PBXProject section */
		8C1D649226ED486F00461224 /* Project object */ = {
			isa = PBXProject;
			attributes = {
				LastSwiftUpdateCheck = 1240;
				LastUpgradeCheck = 1240;
				TargetAttributes = {
					8C1D649926ED486F00461224 = {
						CreatedOnToolsVersion = 12.4;
					};
				};
			};
			buildConfigurationList = 8C1D649526ED486F00461224 /* Build configuration list for PBXProject "EventSampleProject" */;
			compatibilityVersion = "Xcode 9.3";
			developmentRegion = en;
			hasScannedForEncodings = 0;
			knownRegions = (
				en,
				Base,
			);
			mainGroup = 8C1D649126ED486F00461224;
			productRefGroup = 8C1D649B26ED486F00461224 /* Products */;
			projectDirPath = "";
			projectRoot = "";
			targets = (
				8C1D649926ED486F00461224 /* EventSampleProject */,
			);
		};
/* End PBXProject section */

/* Begin PBXResourcesBuildPhase section */
		8C1D649826ED486F00461224 /* Resources */ = {
			isa = PBXResourcesBuildPhase;
			buildActionMask = 2147483647;
			files = (
				8C1D653126EFD75100461224 /* CategoriesViewCell.xib in Resources */,
				8C1D64AA26ED487100461224 /* LaunchScreen.storyboard in Resources */,
				8C1D653D26EFE13100461224 /* CategoryItemViewCell.xib in Resources */,
				8C1D64A726ED487100461224 /* Assets.xcassets in Resources */,
				8C1D64A526ED486F00461224 /* Main.storyboard in Resources */,
			);
			runOnlyForDeploymentPostprocessing = 0;
		};
/* End PBXResourcesBuildPhase section */

/* Begin PBXShellScriptBuildPhase section */
		4717424147C37783C8DD4915 /* [CP] Embed Pods Frameworks */ = {
			isa = PBXShellScriptBuildPhase;
			buildActionMask = 2147483647;
			files = (
			);
			inputFileListPaths = (
				"${PODS_ROOT}/Target Support Files/Pods-EventSampleProject/Pods-EventSampleProject-frameworks-${CONFIGURATION}-input-files.xcfilelist",
			);
			name = "[CP] Embed Pods Frameworks";
			outputFileListPaths = (
				"${PODS_ROOT}/Target Support Files/Pods-EventSampleProject/Pods-EventSampleProject-frameworks-${CONFIGURATION}-output-files.xcfilelist",
			);
			runOnlyForDeploymentPostprocessing = 0;
			shellPath = /bin/sh;
			shellScript = "\"${PODS_ROOT}/Target Support Files/Pods-EventSampleProject/Pods-EventSampleProject-frameworks.sh\"\n";
			showEnvVarsInLog = 0;
		};
		89AFE4531A44B2357D6BC2C3 /* [CP] Check Pods Manifest.lock */ = {
			isa = PBXShellScriptBuildPhase;
			buildActionMask = 2147483647;
			files = (
			);
			inputFileListPaths = (
			);
			inputPaths = (
				"${PODS_PODFILE_DIR_PATH}/Podfile.lock",
				"${PODS_ROOT}/Manifest.lock",
			);
			name = "[CP] Check Pods Manifest.lock";
			outputFileListPaths = (
			);
			outputPaths = (
				"$(DERIVED_FILE_DIR)/Pods-EventSampleProject-checkManifestLockResult.txt",
			);
			runOnlyForDeploymentPostprocessing = 0;
			shellPath = /bin/sh;
			shellScript = "diff \"${PODS_PODFILE_DIR_PATH}/Podfile.lock\" \"${PODS_ROOT}/Manifest.lock\" > /dev/null\nif [ $? != 0 ] ; then\n    # print error to STDERR\n    echo \"error: The sandbox is not in sync with the Podfile.lock. Run 'pod install' or update your CocoaPods installation.\" >&2\n    exit 1\nfi\n# This output is used by Xcode 'outputs' to avoid re-running this script phase.\necho \"SUCCESS\" > \"${SCRIPT_OUTPUT_FILE_0}\"\n";
			showEnvVarsInLog = 0;
		};
/* End PBXShellScriptBuildPhase section */

/* Begin PBXSourcesBuildPhase section */
		8C1D649626ED486F00461224 /* Sources */ = {
			isa = PBXSourcesBuildPhase;
			buildActionMask = 2147483647;
			files = (
				8C1D654E26F01AFD00461224 /* EventsTableViewCell.swift in Sources */,
				8C1D64CF26ED641600461224 /* APIManager.swift in Sources */,
				8C1D653626EFE10900461224 /* CategoryItemViewCell.swift in Sources */,
				8C1D64BB26ED530A00461224 /* SectionConfigurable.swift in Sources */,
				8C1D64B926ED530A00461224 /* Observable.swift in Sources */,
				8C1D64BD26ED530A00461224 /* SectionViewModel.swift in Sources */,
				8C1D655126F01B0B00461224 /* EventsTableViewModel.swift in Sources */,
				8C1D652A26EFD72700461224 /* CategoriesViewCell.swift in Sources */,
				8C1D64A226ED486F00461224 /* ViewController.swift in Sources */,
				8C1D651526EDDC3D00461224 /* BaseViewController.swift in Sources */,
				8C1D64BE26ED530A00461224 /* CellConfigurable.swift in Sources */,
				8C1D649E26ED486F00461224 /* AppDelegate.swift in Sources */,
				8C1D650A26EDDBCE00461224 /* HomeViewController.swift in Sources */,
				8C1D653926EFE11900461224 /* CategoryItemViewModel.swift in Sources */,
				8C1D654B26F01ACC00461224 /* Event.swift in Sources */,
				8C1D652D26EFD73500461224 /* CategoriesViewModel.swift in Sources */,
				8C1D651126EDDBE300461224 /* HomeViewModel.swift in Sources */,
				8C1D650E26EDDBD800461224 /* HomeController.swift in Sources */,
				8C1D654126EFEF9E00461224 /* Extensions.swift in Sources */,
				8C1D64BA26ED530A00461224 /* RowViewModel.swift in Sources */,
				8C1D651A26EDE1D400461224 /* LoadingIndicator.swift in Sources */,
				8C1D64BC26ED530A00461224 /* SectionModel.swift in Sources */,
				8C1D64A026ED486F00461224 /* SceneDelegate.swift in Sources */,
				8C1D654526EFFB7C00461224 /* EventType.swift in Sources */,
			);
			runOnlyForDeploymentPostprocessing = 0;
		};
/* End PBXSourcesBuildPhase section */

/* Begin PBXVariantGroup section */
		8C1D64A326ED486F00461224 /* Main.storyboard */ = {
			isa = PBXVariantGroup;
			children = (
				8C1D64A426ED486F00461224 /* Base */,
			);
			name = Main.storyboard;
			sourceTree = "<group>";
		};
		8C1D64A826ED487100461224 /* LaunchScreen.storyboard */ = {
			isa = PBXVariantGroup;
			children = (
				8C1D64A926ED487100461224 /* Base */,
			);
			name = LaunchScreen.storyboard;
			sourceTree = "<group>";
		};
/* End PBXVariantGroup section */

/* Begin XCBuildConfiguration section */
		8C1D64AC26ED487100461224 /* Debug */ = {
			isa = XCBuildConfiguration;
			buildSettings = {
				ALWAYS_SEARCH_USER_PATHS = NO;
				CLANG_ANALYZER_NONNULL = YES;
				CLANG_ANALYZER_NUMBER_OBJECT_CONVERSION = YES_AGGRESSIVE;
				CLANG_CXX_LANGUAGE_STANDARD = "gnu++14";
				CLANG_CXX_LIBRARY = "libc++";
				CLANG_ENABLE_MODULES = YES;
				CLANG_ENABLE_OBJC_ARC = YES;
				CLANG_ENABLE_OBJC_WEAK = YES;
				CLANG_WARN_BLOCK_CAPTURE_AUTORELEASING = YES;
				CLANG_WARN_BOOL_CONVERSION = YES;
				CLANG_WARN_COMMA = YES;
				CLANG_WARN_CONSTANT_CONVERSION = YES;
				CLANG_WARN_DEPRECATED_OBJC_IMPLEMENTATIONS = YES;
				CLANG_WARN_DIRECT_OBJC_ISA_USAGE = YES_ERROR;
				CLANG_WARN_DOCUMENTATION_COMMENTS = YES;
				CLANG_WARN_EMPTY_BODY = YES;
				CLANG_WARN_ENUM_CONVERSION = YES;
				CLANG_WARN_INFINITE_RECURSION = YES;
				CLANG_WARN_INT_CONVERSION = YES;
				CLANG_WARN_NON_LITERAL_NULL_CONVERSION = YES;
				CLANG_WARN_OBJC_IMPLICIT_RETAIN_SELF = YES;
				CLANG_WARN_OBJC_LITERAL_CONVERSION = YES;
				CLANG_WARN_OBJC_ROOT_CLASS = YES_ERROR;
				CLANG_WARN_QUOTED_INCLUDE_IN_FRAMEWORK_HEADER = YES;
				CLANG_WARN_RANGE_LOOP_ANALYSIS = YES;
				CLANG_WARN_STRICT_PROTOTYPES = YES;
				CLANG_WARN_SUSPICIOUS_MOVE = YES;
				CLANG_WARN_UNGUARDED_AVAILABILITY = YES_AGGRESSIVE;
				CLANG_WARN_UNREACHABLE_CODE = YES;
				CLANG_WARN__DUPLICATE_METHOD_MATCH = YES;
				COPY_PHASE_STRIP = NO;
				DEBUG_INFORMATION_FORMAT = dwarf;
				ENABLE_STRICT_OBJC_MSGSEND = YES;
				ENABLE_TESTABILITY = YES;
				GCC_C_LANGUAGE_STANDARD = gnu11;
				GCC_DYNAMIC_NO_PIC = NO;
				GCC_NO_COMMON_BLOCKS = YES;
				GCC_OPTIMIZATION_LEVEL = 0;
				GCC_PREPROCESSOR_DEFINITIONS = (
					"DEBUG=1",
					"$(inherited)",
				);
				GCC_WARN_64_TO_32_BIT_CONVERSION = YES;
				GCC_WARN_ABOUT_RETURN_TYPE = YES_ERROR;
				GCC_WARN_UNDECLARED_SELECTOR = YES;
				GCC_WARN_UNINITIALIZED_AUTOS = YES_AGGRESSIVE;
				GCC_WARN_UNUSED_FUNCTION = YES;
				GCC_WARN_UNUSED_VARIABLE = YES;
				IPHONEOS_DEPLOYMENT_TARGET = 14.4;
				MTL_ENABLE_DEBUG_INFO = INCLUDE_SOURCE;
				MTL_FAST_MATH = YES;
				ONLY_ACTIVE_ARCH = YES;
				SDKROOT = iphoneos;
				SWIFT_ACTIVE_COMPILATION_CONDITIONS = DEBUG;
				SWIFT_OPTIMIZATION_LEVEL = "-Onone";
			};
			name = Debug;
		};
		8C1D64AD26ED487100461224 /* Release */ = {
			isa = XCBuildConfiguration;
			buildSettings = {
				ALWAYS_SEARCH_USER_PATHS = NO;
				CLANG_ANALYZER_NONNULL = YES;
				CLANG_ANALYZER_NUMBER_OBJECT_CONVERSION = YES_AGGRESSIVE;
				CLANG_CXX_LANGUAGE_STANDARD = "gnu++14";
				CLANG_CXX_LIBRARY = "libc++";
				CLANG_ENABLE_MODULES = YES;
				CLANG_ENABLE_OBJC_ARC = YES;
				CLANG_ENABLE_OBJC_WEAK = YES;
				CLANG_WARN_BLOCK_CAPTURE_AUTORELEASING = YES;
				CLANG_WARN_BOOL_CONVERSION = YES;
				CLANG_WARN_COMMA = YES;
				CLANG_WARN_CONSTANT_CONVERSION = YES;
				CLANG_WARN_DEPRECATED_OBJC_IMPLEMENTATIONS = YES;
				CLANG_WARN_DIRECT_OBJC_ISA_USAGE = YES_ERROR;
				CLANG_WARN_DOCUMENTATION_COMMENTS = YES;
				CLANG_WARN_EMPTY_BODY = YES;
				CLANG_WARN_ENUM_CONVERSION = YES;
				CLANG_WARN_INFINITE_RECURSION = YES;
				CLANG_WARN_INT_CONVERSION = YES;
				CLANG_WARN_NON_LITERAL_NULL_CONVERSION = YES;
				CLANG_WARN_OBJC_IMPLICIT_RETAIN_SELF = YES;
				CLANG_WARN_OBJC_LITERAL_CONVERSION = YES;
				CLANG_WARN_OBJC_ROOT_CLASS = YES_ERROR;
				CLANG_WARN_QUOTED_INCLUDE_IN_FRAMEWORK_HEADER = YES;
				CLANG_WARN_RANGE_LOOP_ANALYSIS = YES;
				CLANG_WARN_STRICT_PROTOTYPES = YES;
				CLANG_WARN_SUSPICIOUS_MOVE = YES;
				CLANG_WARN_UNGUARDED_AVAILABILITY = YES_AGGRESSIVE;
				CLANG_WARN_UNREACHABLE_CODE = YES;
				CLANG_WARN__DUPLICATE_METHOD_MATCH = YES;
				COPY_PHASE_STRIP = NO;
				DEBUG_INFORMATION_FORMAT = "dwarf-with-dsym";
				ENABLE_NS_ASSERTIONS = NO;
				ENABLE_STRICT_OBJC_MSGSEND = YES;
				GCC_C_LANGUAGE_STANDARD = gnu11;
				GCC_NO_COMMON_BLOCKS = YES;
				GCC_WARN_64_TO_32_BIT_CONVERSION = YES;
				GCC_WARN_ABOUT_RETURN_TYPE = YES_ERROR;
				GCC_WARN_UNDECLARED_SELECTOR = YES;
				GCC_WARN_UNINITIALIZED_AUTOS = YES_AGGRESSIVE;
				GCC_WARN_UNUSED_FUNCTION = YES;
				GCC_WARN_UNUSED_VARIABLE = YES;
				IPHONEOS_DEPLOYMENT_TARGET = 14.4;
				MTL_ENABLE_DEBUG_INFO = NO;
				MTL_FAST_MATH = YES;
				SDKROOT = iphoneos;
				SWIFT_COMPILATION_MODE = wholemodule;
				SWIFT_OPTIMIZATION_LEVEL = "-O";
				VALIDATE_PRODUCT = YES;
			};
			name = Release;
		};
		8C1D64AF26ED487100461224 /* Debug */ = {
			isa = XCBuildConfiguration;
			baseConfigurationReference = C7C642D49D668F517BC6096B /* Pods-EventSampleProject.debug.xcconfig */;
			buildSettings = {
				ASSETCATALOG_COMPILER_APPICON_NAME = AppIcon;
				ASSETCATALOG_COMPILER_GLOBAL_ACCENT_COLOR_NAME = AccentColor;
				CODE_SIGN_STYLE = Automatic;
				INFOPLIST_FILE = EventSampleProject/Info.plist;
				IPHONEOS_DEPLOYMENT_TARGET = 13.0;
				LD_RUNPATH_SEARCH_PATHS = (
					"$(inherited)",
					"@executable_path/Frameworks",
				);
				PRODUCT_BUNDLE_IDENTIFIER = com.app.eventsSample.EventSampleProject;
				PRODUCT_NAME = "$(TARGET_NAME)";
				SWIFT_VERSION = 5.0;
				TARGETED_DEVICE_FAMILY = "1,2";
			};
			name = Debug;
		};
		8C1D64B026ED487100461224 /* Release */ = {
			isa = XCBuildConfiguration;
			baseConfigurationReference = 7B1BA3CD1DDF1BAA2816D5F9 /* Pods-EventSampleProject.release.xcconfig */;
			buildSettings = {
				ASSETCATALOG_COMPILER_APPICON_NAME = AppIcon;
				ASSETCATALOG_COMPILER_GLOBAL_ACCENT_COLOR_NAME = AccentColor;
				CODE_SIGN_STYLE = Automatic;
				INFOPLIST_FILE = EventSampleProject/Info.plist;
				IPHONEOS_DEPLOYMENT_TARGET = 13.0;
				LD_RUNPATH_SEARCH_PATHS = (
					"$(inherited)",
					"@executable_path/Frameworks",
				);
				PRODUCT_BUNDLE_IDENTIFIER = com.app.eventsSample.EventSampleProject;
				PRODUCT_NAME = "$(TARGET_NAME)";
				SWIFT_VERSION = 5.0;
				TARGETED_DEVICE_FAMILY = "1,2";
			};
			name = Release;
		};
/* End XCBuildConfiguration section */

/* Begin XCConfigurationList section */
		8C1D649526ED486F00461224 /* Build configuration list for PBXProject "EventSampleProject" */ = {
			isa = XCConfigurationList;
			buildConfigurations = (
				8C1D64AC26ED487100461224 /* Debug */,
				8C1D64AD26ED487100461224 /* Release */,
			);
			defaultConfigurationIsVisible = 0;
			defaultConfigurationName = Release;
		};
		8C1D64AE26ED487100461224 /* Build configuration list for PBXNativeTarget "EventSampleProject" */ = {
			isa = XCConfigurationList;
			buildConfigurations = (
				8C1D64AF26ED487100461224 /* Debug */,
				8C1D64B026ED487100461224 /* Release */,
			);
			defaultConfigurationIsVisible = 0;
			defaultConfigurationName = Release;
		};
/* End XCConfigurationList section */
	};
	rootObject = 8C1D649226ED486F00461224 /* Project object */;
}
